
Microsoft Visual Studio Solution File, Format Version 12.00
# Visual Studio Version 17
VisualStudioVersion = 17.6.33801.468
MinimumVisualStudioVersion = 10.0.40219.1
Project("{FAE04EC0-301F-11D3-BF4B-00C04F79EFBC}") = "MarsProject", "MarsProject\MarsProject.csproj", "{BFC453D9-9C3D-4771-9CC5-294B8BCC9CF8}"
EndProject
Global
	GlobalSection(SolutionConfigurationPlatforms) = preSolution
		Debug|Any CPU = Debug|Any CPU
		Release|Any CPU = Release|Any CPU
	EndGlobalSection
	GlobalSection(ProjectConfigurationPlatforms) = postSolution
		{BFC453D9-9C3D-4771-9CC5-294B8BCC9CF8}.Debug|Any CPU.ActiveCfg = Debug|Any CPU
		{BFC453D9-9C3D-4771-9CC5-294B8BCC9CF8}.Debug|Any CPU.Build.0 = Debug|Any CPU
		{BFC453D9-9C3D-4771-9CC5-294B8BCC9CF8}.Release|Any CPU.ActiveCfg = Release|Any CPU
		{BFC453D9-9C3D-4771-9CC5-294B8BCC9CF8}.Release|Any CPU.Build.0 = Release|Any CPU
	EndGlobalSection
	GlobalSection(SolutionProperties) = preSolution
		HideSolutionNode = FALSE
	EndGlobalSection
	GlobalSection(ExtensibilityGlobals) = postSolution
		SolutionGuid = {7ADFEB80-C92D-48D4-8FC6-F4DFC3D39D1F}
	EndGlobalSection
EndGlobal
